// !$*UTF8*$!
{
	archiveVersion = 1;
	classes = {
	};
	objectVersion = 46;
	objects = {

/* Begin PBXBuildFile section */
		F091E2A31AC17CBE007F3062 /* AppDelegate.swift in Sources */ = {isa = PBXBuildFile; fileRef = F091E2A21AC17CBE007F3062 /* AppDelegate.swift */; };
		F091E2A51AC17CBE007F3062 /* ViewController.swift in Sources */ = {isa = PBXBuildFile; fileRef = F091E2A41AC17CBE007F3062 /* ViewController.swift */; };
		F091E2A81AC17CBE007F3062 /* Main.storyboard in Resources */ = {isa = PBXBuildFile; fileRef = F091E2A61AC17CBE007F3062 /* Main.storyboard */; };
		F091E2AA1AC17CBE007F3062 /* Images.xcassets in Resources */ = {isa = PBXBuildFile; fileRef = F091E2A91AC17CBE007F3062 /* Images.xcassets */; };
		F091E2AD1AC17CBE007F3062 /* LaunchScreen.xib in Resources */ = {isa = PBXBuildFile; fileRef = F091E2AB1AC17CBE007F3062 /* LaunchScreen.xib */; };
		F091E2B91AC17CBE007F3062 /* ShoeConverterTests.swift in Sources */ = {isa = PBXBuildFile; fileRef = F091E2B81AC17CBE007F3062 /* ShoeConverterTests.swift */; };
/* End PBXBuildFile section */

/* Begin PBXContainerItemProxy section */
		F091E2B31AC17CBE007F3062 /* PBXContainerItemProxy */ = {
			isa = PBXContainerItemProxy;
			containerPortal = F091E2951AC17CBE007F3062 /* Project object */;
			proxyType = 1;
			remoteGlobalIDString = F091E29C1AC17CBE007F3062;
			remoteInfo = ShoeConverter;
		};
/* End PBXContainerItemProxy section */

/* Begin PBXFileReference section */
		F091E29D1AC17CBE007F3062 /* ShoeConverter.app */ = {isa = PBXFileReference; explicitFileType = wrapper.application; includeInIndex = 0; path = ShoeConverter.app; sourceTree = BUILT_PRODUCTS_DIR; };
		F091E2A11AC17CBE007F3062 /* Info.plist */ = {isa = PBXFileReference; lastKnownFileType = text.plist.xml; path = Info.plist; sourceTree = "<group>"; };
		F091E2A21AC17CBE007F3062 /* AppDelegate.swift */ = {isa = PBXFileReference; lastKnownFileType = sourcecode.swift; path = AppDelegate.swift; sourceTree = "<group>"; };
		F091E2A41AC17CBE007F3062 /* ViewController.swift */ = {isa = PBXFileReference; lastKnownFileType = sourcecode.swift; path = ViewController.swift; sourceTree = "<group>"; };
		F091E2A71AC17CBE007F3062 /* Base */ = {isa = PBXFileReference; lastKnownFileType = file.storyboard; name = Base; path = Base.lproj/Main.storyboard; sourceTree = "<group>"; };
		F091E2A91AC17CBE007F3062 /* Images.xcassets */ = {isa = PBXFileReference; lastKnownFileType = folder.assetcatalog; path = Images.xcassets; sourceTree = "<group>"; };
		F091E2AC1AC17CBE007F3062 /* Base */ = {isa = PBXFileReference; lastKnownFileType = file.xib; name = Base; path = Base.lproj/LaunchScreen.xib; sourceTree = "<group>"; };
		F091E2B21AC17CBE007F3062 /* ShoeConverterTests.xctest */ = {isa = PBXFileReference; explicitFileType = wrapper.cfbundle; includeInIndex = 0; path = ShoeConverterTests.xctest; sourceTree = BUILT_PRODUCTS_DIR; };
		F091E2B71AC17CBE007F3062 /* Info.plist */ = {isa = PBXFileReference; lastKnownFileType = text.plist.xml; path = Info.plist; sourceTree = "<group>"; };
		F091E2B81AC17CBE007F3062 /* ShoeConverterTests.swift */ = {isa = PBXFileReference; lastKnownFileType = sourcecode.swift; path = ShoeConverterTests.swift; sourceTree = "<group>"; };
/* End PBXFileReference section */

/* Begin PBXFrameworksBuildPhase section */
		F091E29A1AC17CBE007F3062 /* Frameworks */ = {
			isa = PBXFrameworksBuildPhase;
			buildActionMask = 2147483647;
			files = (
			);
			runOnlyForDeploymentPostprocessing = 0;
		};
		F091E2AF1AC17CBE007F3062 /* Frameworks */ = {
			isa = PBXFrameworksBuildPhase;
			buildActionMask = 2147483647;
			files = (
			);
			runOnlyForDeploymentPostprocessing = 0;
		};
/* End PBXFrameworksBuildPhase section */

/* Begin PBXGroup section */
		F091E2941AC17CBE007F3062 = {
			isa = PBXGroup;
			children = (
				F091E29F1AC17CBE007F3062 /* ShoeConverter */,
				F091E2B51AC17CBE007F3062 /* ShoeConverterTests */,
				F091E29E1AC17CBE007F3062 /* Products */,
			);
			sourceTree = "<group>";
		};
		F091E29E1AC17CBE007F3062 /* Products */ = {
			isa = PBXGroup;
			children = (
				F091E29D1AC17CBE007F3062 /* ShoeConverter.app */,
				F091E2B21AC17CBE007F3062 /* ShoeConverterTests.xctest */,
			);
			name = Products;
			sourceTree = "<group>";
		};
		F091E29F1AC17CBE007F3062 /* ShoeConverter */ = {
			isa = PBXGroup;
			children = (
				F091E2A21AC17CBE007F3062 /* AppDelegate.swift */,
				F091E2A41AC17CBE007F3062 /* ViewController.swift */,
				F091E2A61AC17CBE007F3062 /* Main.storyboard */,
				F091E2A91AC17CBE007F3062 /* Images.xcassets */,
				F091E2AB1AC17CBE007F3062 /* LaunchScreen.xib */,
				F091E2A01AC17CBE007F3062 /* Supporting Files */,
			);
			path = ShoeConverter;
			sourceTree = "<group>";
		};
		F091E2A01AC17CBE007F3062 /* Supporting Files */ = {
			isa = PBXGroup;
			children = (
				F091E2A11AC17CBE007F3062 /* Info.plist */,
			);
			name = "Supporting Files";
			sourceTree = "<group>";
		};
		F091E2B51AC17CBE007F3062 /* ShoeConverterTests */ = {
			isa = PBXGroup;
			children = (
				F091E2B81AC17CBE007F3062 /* ShoeConverterTests.swift */,
				F091E2B61AC17CBE007F3062 /* Supporting Files */,
			);
			path = ShoeConverterTests;
			sourceTree = "<group>";
		};
		F091E2B61AC17CBE007F3062 /* Supporting Files */ = {
			isa = PBXGroup;
			children = (
				F091E2B71AC17CBE007F3062 /* Info.plist */,
			);
			name = "Supporting Files";
			sourceTree = "<group>";
		};
/* End PBXGroup section */

/* Begin PBXNativeTarget section */
		F091E29C1AC17CBE007F3062 /* ShoeConverter */ = {
			isa = PBXNativeTarget;
			buildConfigurationList = F091E2BC1AC17CBE007F3062 /* Build configuration list for PBXNativeTarget "ShoeConverter" */;
			buildPhases = (
				F091E2991AC17CBE007F3062 /* Sources */,
				F091E29A1AC17CBE007F3062 /* Frameworks */,
				F091E29B1AC17CBE007F3062 /* Resources */,
			);
			buildRules = (
			);
			dependencies = (
			);
			name = ShoeConverter;
			productName = ShoeConverter;
			productReference = F091E29D1AC17CBE007F3062 /* ShoeConverter.app */;
			productType = "com.apple.product-type.application";
		};
		F091E2B11AC17CBE007F3062 /* ShoeConverterTests */ = {
			isa = PBXNativeTarget;
			buildConfigurationList = F091E2BF1AC17CBE007F3062 /* Build configuration list for PBXNativeTarget "ShoeConverterTests" */;
			buildPhases = (
				F091E2AE1AC17CBE007F3062 /* Sources */,
				F091E2AF1AC17CBE007F3062 /* Frameworks */,
				F091E2B01AC17CBE007F3062 /* Resources */,
			);
			buildRules = (
			);
			dependencies = (
				F091E2B41AC17CBE007F3062 /* PBXTargetDependency */,
			);
			name = ShoeConverterTests;
			productName = ShoeConverterTests;
			productReference = F091E2B21AC17CBE007F3062 /* ShoeConverterTests.xctest */;
			productType = "com.apple.product-type.bundle.unit-test";
		};
/* End PBXNativeTarget section */

/* Begin PBXProject section */
		F091E2951AC17CBE007F3062 /* Project object */ = {
			isa = PBXProject;
			attributes = {
				LastUpgradeCheck = 0620;
				ORGANIZATIONNAME = "Pedro Marques";
				TargetAttributes = {
					F091E29C1AC17CBE007F3062 = {
						CreatedOnToolsVersion = 6.2;
					};
					F091E2B11AC17CBE007F3062 = {
						CreatedOnToolsVersion = 6.2;
						TestTargetID = F091E29C1AC17CBE007F3062;
					};
				};
			};
			buildConfigurationList = F091E2981AC17CBE007F3062 /* Build configuration list for PBXProject "ShoeConverter" */;
			compatibilityVersion = "Xcode 3.2";
			developmentRegion = English;
			hasScannedForEncodings = 0;
			knownRegions = (
				en,
				Base,
			);
			mainGroup = F091E2941AC17CBE007F3062;
			productRefGroup = F091E29E1AC17CBE007F3062 /* Products */;
			projectDirPath = "";
			projectRoot = "";
			targets = (
				F091E29C1AC17CBE007F3062 /* ShoeConverter */,
				F091E2B11AC17CBE007F3062 /* ShoeConverterTests */,
			);
		};
/* End PBXProject section */

/* Begin PBXResourcesBuildPhase section */
		F091E29B1AC17CBE007F3062 /* Resources */ = {
			isa = PBXResourcesBuildPhase;
			buildActionMask = 2147483647;
			files = (
				F091E2A81AC17CBE007F3062 /* Main.storyboard in Resources */,
				F091E2AD1AC17CBE007F3062 /* LaunchScreen.xib in Resources */,
				F091E2AA1AC17CBE007F3062 /* Images.xcassets in Resources */,
			);
			runOnlyForDeploymentPostprocessing = 0;
		};
		F091E2B01AC17CBE007F3062 /* Resources */ = {
			isa = PBXResourcesBuildPhase;
			buildActionMask = 2147483647;
			files = (
			);
			runOnlyForDeploymentPostprocessing = 0;
		};
/* End PBXResourcesBuildPhase section */

/* Begin PBXSourcesBuildPhase section */
		F091E2991AC17CBE007F3062 /* Sources */ = {
			isa = PBXSourcesBuildPhase;
			buildActionMask = 2147483647;
			files = (
				F091E2A51AC17CBE007F3062 /* ViewController.swift in Sources */,
				F091E2A31AC17CBE007F3062 /* AppDelegate.swift in Sources */,
			);
			runOnlyForDeploymentPostprocessing = 0;
		};
		F091E2AE1AC17CBE007F3062 /* Sources */ = {
			isa = PBXSourcesBuildPhase;
			buildActionMask = 2147483647;
			files = (
				F091E2B91AC17CBE007F3062 /* ShoeConverterTests.swift in Sources */,
			);
			runOnlyForDeploymentPostprocessing = 0;
		};
/* End PBXSourcesBuildPhase section */

/* Begin PBXTargetDependency section */
		F091E2B41AC17CBE007F3062 /* PBXTargetDependency */ = {
			isa = PBXTargetDependency;
			target = F091E29C1AC17CBE007F3062 /* ShoeConverter */;
			targetProxy = F091E2B31AC17CBE007F3062 /* PBXContainerItemProxy */;
		};
/* End PBXTargetDependency section */

/* Begin PBXVariantGroup section */
		F091E2A61AC17CBE007F3062 /* Main.storyboard */ = {
			isa = PBXVariantGroup;
			children = (
				F091E2A71AC17CBE007F3062 /* Base */,
			);
			name = Main.storyboard;
			sourceTree = "<group>";
		};
		F091E2AB1AC17CBE007F3062 /* LaunchScreen.xib */ = {
			isa = PBXVariantGroup;
			children = (
				F091E2AC1AC17CBE007F3062 /* Base */,
			);
			name = LaunchScreen.xib;
			sourceTree = "<group>";
		};
/* End PBXVariantGroup section */

/* Begin XCBuildConfiguration section */
		F091E2BA1AC17CBE007F3062 /* Debug */ = {
			isa = XCBuildConfiguration;
			buildSettings = {
				ALWAYS_SEARCH_USER_PATHS = NO;
				CLANG_CXX_LANGUAGE_STANDARD = "gnu++0x";
				CLANG_CXX_LIBRARY = "libc++";
				CLANG_ENABLE_MODULES = YES;
				CLANG_ENABLE_OBJC_ARC = YES;
				CLANG_WARN_BOOL_CONVERSION = YES;
				CLANG_WARN_CONSTANT_CONVERSION = YES;
				CLANG_WARN_DIRECT_OBJC_ISA_USAGE = YES_ERROR;
				CLANG_WARN_EMPTY_BODY = YES;
				CLANG_WARN_ENUM_CONVERSION = YES;
				CLANG_WARN_INT_CONVERSION = YES;
				CLANG_WARN_OBJC_ROOT_CLASS = YES_ERROR;
				CLANG_WARN_UNREACHABLE_CODE = YES;
				CLANG_WARN__DUPLICATE_METHOD_MATCH = YES;
				"CODE_SIGN_IDENTITY[sdk=iphoneos*]" = "iPhone Developer";
				COPY_PHASE_STRIP = NO;
				ENABLE_STRICT_OBJC_MSGSEND = YES;
				GCC_C_LANGUAGE_STANDARD = gnu99;
				GCC_DYNAMIC_NO_PIC = NO;
				GCC_OPTIMIZATION_LEVEL = 0;
				GCC_PREPROCESSOR_DEFINITIONS = (
					"DEBUG=1",
					"$(inherited)",
				);
				GCC_SYMBOLS_PRIVATE_EXTERN = NO;
				GCC_WARN_64_TO_32_BIT_CONVERSION = YES;
				GCC_WARN_ABOUT_RETURN_TYPE = YES_ERROR;
				GCC_WARN_UNDECLARED_SELECTOR = YES;
				GCC_WARN_UNINITIALIZED_AUTOS = YES_AGGRESSIVE;
				GCC_WARN_UNUSED_FUNCTION = YES;
				GCC_WARN_UNUSED_VARIABLE = YES;
				IPHONEOS_DEPLOYMENT_TARGET = 8.2;
				MTL_ENABLE_DEBUG_INFO = YES;
				ONLY_ACTIVE_ARCH = YES;
				SDKROOT = iphoneos;
				SWIFT_OPTIMIZATION_LEVEL = "-Onone";
				TARGETED_DEVICE_FAMILY = "1,2";
			};
			name = Debug;
		};
		F091E2BB1AC17CBE007F3062 /* Release */ = {
			isa = XCBuildConfiguration;
			buildSettings = {
				ALWAYS_SEARCH_USER_PATHS = NO;
				CLANG_CXX_LANGUAGE_STANDARD = "gnu++0x";
				CLANG_CXX_LIBRARY = "libc++";
				CLANG_ENABLE_MODULES = YES;
				CLANG_ENABLE_OBJC_ARC = YES;
				CLANG_WARN_BOOL_CONVERSION = YES;
				CLANG_WARN_CONSTANT_CONVERSION = YES;
				CLANG_WARN_DIRECT_OBJC_ISA_USAGE = YES_ERROR;
				CLANG_WARN_EMPTY_BODY = YES;
				CLANG_WARN_ENUM_CONVERSION = YES;
				CLANG_WARN_INT_CONVERSION = YES;
				CLANG_WARN_OBJC_ROOT_CLASS = YES_ERROR;
				CLANG_WARN_UNREACHABLE_CODE = YES;
				CLANG_WARN__DUPLICATE_METHOD_MATCH = YES;
				"CODE_SIGN_IDENTITY[sdk=iphoneos*]" = "iPhone Developer";
				COPY_PHASE_STRIP = NO;
				ENABLE_NS_ASSERTIONS = NO;
				ENABLE_STRICT_OBJC_MSGSEND = YES;
				GCC_C_LANGUAGE_STANDARD = gnu99;
				GCC_WARN_64_TO_32_BIT_CONVERSION = YES;
				GCC_WARN_ABOUT_RETURN_TYPE = YES_ERROR;
				GCC_WARN_UNDECLARED_SELECTOR = YES;
				GCC_WARN_UNINITIALIZED_AUTOS = YES_AGGRESSIVE;
				GCC_WARN_UNUSED_FUNCTION = YES;
				GCC_WARN_UNUSED_VARIABLE = YES;
				IPHONEOS_DEPLOYMENT_TARGET = 8.2;
				MTL_ENABLE_DEBUG_INFO = NO;
				SDKROOT = iphoneos;
				TARGETED_DEVICE_FAMILY = "1,2";
				VALIDATE_PRODUCT = YES;
			};
			name = Release;
		};
		F091E2BD1AC17CBE007F3062 /* Debug */ = {
			isa = XCBuildConfiguration;
			buildSettings = {
				ASSETCATALOG_COMPILER_APPICON_NAME = AppIcon;
				INFOPLIST_FILE = ShoeConverter/Info.plist;
				LD_RUNPATH_SEARCH_PATHS = "$(inherited) @executable_path/Frameworks";
				PRODUCT_NAME = "$(TARGET_NAME)";
			};
			name = Debug;
		};
		F091E2BE1AC17CBE007F3062 /* Release */ = {
			isa = XCBuildConfiguration;
			buildSettings = {
				ASSETCATALOG_COMPILER_APPICON_NAME = AppIcon;
				INFOPLIST_FILE = ShoeConverter/Info.plist;
				LD_RUNPATH_SEARCH_PATHS = "$(inherited) @executable_path/Frameworks";
				PRODUCT_NAME = "$(TARGET_NAME)";
			};
			name = Release;
		};
		F091E2C01AC17CBE007F3062 /* Debug */ = {
			isa = XCBuildConfiguration;
			buildSettings = {
				BUNDLE_LOADER = "$(TEST_HOST)";
				FRAMEWORK_SEARCH_PATHS = (
					"$(SDKROOT)/Developer/Library/Frameworks",
					"$(inherited)",
				);
				GCC_PREPROCESSOR_DEFINITIONS = (
					"DEBUG=1",
					"$(inherited)",
				);
				INFOPLIST_FILE = ShoeConverterTests/Info.plist;
				LD_RUNPATH_SEARCH_PATHS = "$(inherited) @executable_path/Frameworks @loader_path/Frameworks";
				PRODUCT_NAME = "$(TARGET_NAME)";
				TEST_HOST = "$(BUILT_PRODUCTS_DIR)/ShoeConverter.app/ShoeConverter";
			};
			name = Debug;
		};
		F091E2C11AC17CBE007F3062 /* Release */ = {
			isa = XCBuildConfiguration;
			buildSettings = {
				BUNDLE_LOADER = "$(TEST_HOST)";
				FRAMEWORK_SEARCH_PATHS = (
					"$(SDKROOT)/Developer/Library/Frameworks",
					"$(inherited)",
				);
				INFOPLIST_FILE = ShoeConverterTests/Info.plist;
				LD_RUNPATH_SEARCH_PATHS = "$(inherited) @executable_path/Frameworks @loader_path/Frameworks";
				PRODUCT_NAME = "$(TARGET_NAME)";
				TEST_HOST = "$(BUILT_PRODUCTS_DIR)/ShoeConverter.app/ShoeConverter";
			};
			name = Release;
		};
/* End XCBuildConfiguration section */

/* Begin XCConfigurationList section */
		F091E2981AC17CBE007F3062 /* Build configuration list for PBXProject "ShoeConverter" */ = {
			isa = XCConfigurationList;
			buildConfigurations = (
				F091E2BA1AC17CBE007F3062 /* Debug */,
				F091E2BB1AC17CBE007F3062 /* Release */,
			);
			defaultConfigurationIsVisible = 0;
			defaultConfigurationName = Release;
		};
		F091E2BC1AC17CBE007F3062 /* Build configuration list for PBXNativeTarget "ShoeConverter" */ = {
			isa = XCConfigurationList;
			buildConfigurations = (
				F091E2BD1AC17CBE007F3062 /* Debug */,
				F091E2BE1AC17CBE007F3062 /* Release */,
			);
			defaultConfigurationIsVisible = 0;
		};
		F091E2BF1AC17CBE007F3062 /* Build configuration list for PBXNativeTarget "ShoeConverterTests" */ = {
			isa = XCConfigurationList;
			buildConfigurations = (
				F091E2C01AC17CBE007F3062 /* Debug */,
				F091E2C11AC17CBE007F3062 /* Release */,
			);
			defaultConfigurationIsVisible = 0;
		};
/* End XCConfigurationList section */
	};
	rootObject = F091E2951AC17CBE007F3062 /* Project object */;
}
